// !$*UTF8*$!
{
	archiveVersion = 1;
	classes = {
	};
	objectVersion = 46;
	objects = {

/* Begin PBXBuildFile section */
		5AF0E8AE77F57B356DACCFE7 /* AutoScreenReportingTest.swift in Sources */ = {isa = PBXBuildFile; fileRef = 5AF0E8457CCFC077382BF449 /* AutoScreenReportingTest.swift */; };
		630FC8EA2107F2A500A759C5 /* PDScreenReporting.h in Headers */ = {isa = PBXBuildFile; fileRef = 5AF0EDFEDC0EE79A0A0EB713 /* PDScreenReporting.h */; settings = {ATTRIBUTES = (Public, ); }; };
		6E265C791FB1178C0030E08E /* IntegrationsManagerTest.swift in Sources */ = {isa = PBXBuildFile; fileRef = 6E265C781FB1178C0030E08E /* IntegrationsManagerTest.swift */; };
		6EEC1C712017EA370089C478 /* EndToEndTests.swift in Sources */ = {isa = PBXBuildFile; fileRef = 6EEC1C702017EA370089C478 /* EndToEndTests.swift */; };
		75FD4202252401B500BC8970 /* PDWebhookIntegration.m in Sources */ = {isa = PBXBuildFile; fileRef = 75FD4201252401B500BC8970 /* PDWebhookIntegration.m */; };
		75FD42052524F1E000BC8970 /* PDWebhookIntegration.h in Headers */ = {isa = PBXBuildFile; fileRef = 75FD42002524019100BC8970 /* PDWebhookIntegration.h */; settings = {ATTRIBUTES = (Public, ); }; };
		96A12C2824B680DB00949804 /* NSViewController+PDScreen.h in Headers */ = {isa = PBXBuildFile; fileRef = 96A12C2624B680DB00949804 /* NSViewController+PDScreen.h */; };
		96A12C2924B680DB00949804 /* NSViewController+PDScreen.m in Sources */ = {isa = PBXBuildFile; fileRef = 96A12C2724B680DB00949804 /* NSViewController+PDScreen.m */; };
		A31958EF2385AC3A00A47EFA /* SerializationTests.m in Sources */ = {isa = PBXBuildFile; fileRef = A31958EE2385AC3A00A47EFA /* SerializationTests.m */; };
		A34CC6DD249AAEBB00C5E368 /* PDState.m in Sources */ = {isa = PBXBuildFile; fileRef = A34CC6DB249AAEBA00C5E368 /* PDState.m */; };
		A34CC6DE249AAEBB00C5E368 /* PDState.h in Headers */ = {isa = PBXBuildFile; fileRef = A34CC6DC249AAEBB00C5E368 /* PDState.h */; settings = {ATTRIBUTES = (Private, ); }; };
		A352176023AD5825005B07F6 /* PDMacros.h in Headers */ = {isa = PBXBuildFile; fileRef = A352175F23AD5825005B07F6 /* PDMacros.h */; settings = {ATTRIBUTES = (Private, ); }; };
		A3B6E29925116B3A00609A13 /* PrimeData.framework in Frameworks */ = {isa = PBXBuildFile; fileRef = EADEB85B1DECD080005322DA /* PrimeData.framework */; };
		A3BECDD024BCE1E3009E2BD3 /* ObjcUtils.m in Sources */ = {isa = PBXBuildFile; fileRef = A3BECDCF24BCE1E3009E2BD3 /* ObjcUtils.m */; };
		EA88A5981DED7608009FB66A /* PDSerializableValue.h in Headers */ = {isa = PBXBuildFile; fileRef = EA88A5971DED7608009FB66A /* PDSerializableValue.h */; settings = {ATTRIBUTES = (Public, ); }; };
		EA8F09741E24C5C600B8B93F /* MiddlewareTests.swift in Sources */ = {isa = PBXBuildFile; fileRef = EA8F09731E24C5C600B8B93F /* MiddlewareTests.swift */; };
		EAA542771EB4035400945DA7 /* TrackingTests.swift in Sources */ = {isa = PBXBuildFile; fileRef = EAA542761EB4035400945DA7 /* TrackingTests.swift */; };
		EAA5427D1EB42B8C00945DA7 /* PDReachability.h in Headers */ = {isa = PBXBuildFile; fileRef = EAA5427B1EB42B8C00945DA7 /* PDReachability.h */; };
		EAA5427E1EB42B8C00945DA7 /* PDReachability.m in Sources */ = {isa = PBXBuildFile; fileRef = EAA5427C1EB42B8C00945DA7 /* PDReachability.m */; };
		EAA542801EB4382100945DA7 /* StoreKitTrackerTests.swift in Sources */ = {isa = PBXBuildFile; fileRef = EAA5427F1EB4382100945DA7 /* StoreKitTrackerTests.swift */; };
		EADEB8601DECD080005322DA /* PrimeData.h in Headers */ = {isa = PBXBuildFile; fileRef = EADEB85E1DECD080005322DA /* PrimeData.h */; settings = {ATTRIBUTES = (Public, ); }; };
		EADEB8AE1DECD12B005322DA /* PDAES256Crypto.h in Headers */ = {isa = PBXBuildFile; fileRef = EADEB8781DECD12B005322DA /* PDAES256Crypto.h */; settings = {ATTRIBUTES = (Private, ); }; };
		EADEB8AF1DECD12B005322DA /* PDAES256Crypto.m in Sources */ = {isa = PBXBuildFile; fileRef = EADEB8791DECD12B005322DA /* PDAES256Crypto.m */; };
		EADEB8B01DECD12B005322DA /* PDCrypto.h in Headers */ = {isa = PBXBuildFile; fileRef = EADEB87A1DECD12B005322DA /* PDCrypto.h */; settings = {ATTRIBUTES = (Public, ); }; };
		EADEB8B11DECD12B005322DA /* PDAliasPayload.h in Headers */ = {isa = PBXBuildFile; fileRef = EADEB87C1DECD12B005322DA /* PDAliasPayload.h */; settings = {ATTRIBUTES = (Public, ); }; };
		EADEB8B21DECD12B005322DA /* PDAliasPayload.m in Sources */ = {isa = PBXBuildFile; fileRef = EADEB87D1DECD12B005322DA /* PDAliasPayload.m */; };
		EADEB8B31DECD12B005322DA /* PDGroupPayload.h in Headers */ = {isa = PBXBuildFile; fileRef = EADEB87E1DECD12B005322DA /* PDGroupPayload.h */; settings = {ATTRIBUTES = (Public, ); }; };
		EADEB8B41DECD12B005322DA /* PDGroupPayload.m in Sources */ = {isa = PBXBuildFile; fileRef = EADEB87F1DECD12B005322DA /* PDGroupPayload.m */; };
		EADEB8B51DECD12B005322DA /* PDIdentifyPayload.h in Headers */ = {isa = PBXBuildFile; fileRef = EADEB8801DECD12B005322DA /* PDIdentifyPayload.h */; settings = {ATTRIBUTES = (Public, ); }; };
		EADEB8B61DECD12B005322DA /* PDIdentifyPayload.m in Sources */ = {isa = PBXBuildFile; fileRef = EADEB8811DECD12B005322DA /* PDIdentifyPayload.m */; };
		EADEB8B71DECD12B005322DA /* PDIntegration.h in Headers */ = {isa = PBXBuildFile; fileRef = EADEB8821DECD12B005322DA /* PDIntegration.h */; settings = {ATTRIBUTES = (Public, ); }; };
		EADEB8B81DECD12B005322DA /* PDIntegrationFactory.h in Headers */ = {isa = PBXBuildFile; fileRef = EADEB8831DECD12B005322DA /* PDIntegrationFactory.h */; settings = {ATTRIBUTES = (Public, ); }; };
		EADEB8B91DECD12B005322DA /* PDIntegrationsManager.h in Headers */ = {isa = PBXBuildFile; fileRef = EADEB8841DECD12B005322DA /* PDIntegrationsManager.h */; settings = {ATTRIBUTES = (Private, ); }; };
		EADEB8BA1DECD12B005322DA /* PDIntegrationsManager.m in Sources */ = {isa = PBXBuildFile; fileRef = EADEB8851DECD12B005322DA /* PDIntegrationsManager.m */; };
		EADEB8BB1DECD12B005322DA /* PDPayload.h in Headers */ = {isa = PBXBuildFile; fileRef = EADEB8861DECD12B005322DA /* PDPayload.h */; settings = {ATTRIBUTES = (Public, ); }; };
		EADEB8BC1DECD12B005322DA /* PDPayload.m in Sources */ = {isa = PBXBuildFile; fileRef = EADEB8871DECD12B005322DA /* PDPayload.m */; };
		EADEB8BD1DECD12B005322DA /* PDScreenPayload.h in Headers */ = {isa = PBXBuildFile; fileRef = EADEB8881DECD12B005322DA /* PDScreenPayload.h */; settings = {ATTRIBUTES = (Public, ); }; };
		EADEB8BE1DECD12B005322DA /* PDScreenPayload.m in Sources */ = {isa = PBXBuildFile; fileRef = EADEB8891DECD12B005322DA /* PDScreenPayload.m */; };
		EADEB8BF1DECD12B005322DA /* PDTrackPayload.h in Headers */ = {isa = PBXBuildFile; fileRef = EADEB88A1DECD12B005322DA /* PDTrackPayload.h */; settings = {ATTRIBUTES = (Public, ); }; };
		EADEB8C01DECD12B005322DA /* PDTrackPayload.m in Sources */ = {isa = PBXBuildFile; fileRef = EADEB88B1DECD12B005322DA /* PDTrackPayload.m */; };
		EADEB8C11DECD12B005322DA /* NSData+PDGZIP.h in Headers */ = {isa = PBXBuildFile; fileRef = EADEB88D1DECD12B005322DA /* NSData+PDGZIP.h */; settings = {ATTRIBUTES = (Private, ); }; };
		EADEB8C21DECD12B005322DA /* NSData+PDGZIP.m in Sources */ = {isa = PBXBuildFile; fileRef = EADEB88E1DECD12B005322DA /* NSData+PDGZIP.m */; };
		EADEB8C31DECD12B005322DA /* PDAnalyticsUtils.h in Headers */ = {isa = PBXBuildFile; fileRef = EADEB88F1DECD12B005322DA /* PDAnalyticsUtils.h */; settings = {ATTRIBUTES = (Public, ); }; };
		EADEB8C41DECD12B005322DA /* PDAnalyticsUtils.m in Sources */ = {isa = PBXBuildFile; fileRef = EADEB8901DECD12B005322DA /* PDAnalyticsUtils.m */; };
		EADEB8C51DECD12B005322DA /* PDFileStorage.h in Headers */ = {isa = PBXBuildFile; fileRef = EADEB8911DECD12B005322DA /* PDFileStorage.h */; settings = {ATTRIBUTES = (Private, ); }; };
		EADEB8C61DECD12B005322DA /* PDFileStorage.m in Sources */ = {isa = PBXBuildFile; fileRef = EADEB8921DECD12B005322DA /* PDFileStorage.m */; };
		EADEB8C71DECD12B005322DA /* PDHTTPClient.h in Headers */ = {isa = PBXBuildFile; fileRef = EADEB8931DECD12B005322DA /* PDHTTPClient.h */; settings = {ATTRIBUTES = (Public, ); }; };
		EADEB8C81DECD12B005322DA /* PDHTTPClient.m in Sources */ = {isa = PBXBuildFile; fileRef = EADEB8941DECD12B005322DA /* PDHTTPClient.m */; };
		EADEB8CB1DECD12B005322DA /* PDPrimeDataIntegration.h in Headers */ = {isa = PBXBuildFile; fileRef = EADEB8971DECD12B005322DA /* PDPrimeDataIntegration.h */; settings = {ATTRIBUTES = (Public, ); }; };
		EADEB8CC1DECD12B005322DA /* PDPrimeDataIntegration.m in Sources */ = {isa = PBXBuildFile; fileRef = EADEB8981DECD12B005322DA /* PDPrimeDataIntegration.m */; };
		EADEB8CD1DECD12B005322DA /* PDPrimeDataIntegrationFactory.h in Headers */ = {isa = PBXBuildFile; fileRef = EADEB8991DECD12B005322DA /* PDPrimeDataIntegrationFactory.h */; settings = {ATTRIBUTES = (Public, ); }; };
		EADEB8CE1DECD12B005322DA /* PDPrimeDataIntegrationFactory.m in Sources */ = {isa = PBXBuildFile; fileRef = EADEB89A1DECD12B005322DA /* PDPrimeDataIntegrationFactory.m */; };
		EADEB8CF1DECD12B005322DA /* PDStorage.h in Headers */ = {isa = PBXBuildFile; fileRef = EADEB89B1DECD12B005322DA /* PDStorage.h */; settings = {ATTRIBUTES = (Public, ); }; };
		EADEB8D01DECD12B005322DA /* PDStoreKitTracker.h in Headers */ = {isa = PBXBuildFile; fileRef = EADEB89C1DECD12B005322DA /* PDStoreKitTracker.h */; settings = {ATTRIBUTES = (Private, ); }; };
		EADEB8D11DECD12B005322DA /* PDStoreKitTracker.m in Sources */ = {isa = PBXBuildFile; fileRef = EADEB89D1DECD12B005322DA /* PDStoreKitTracker.m */; };
		EADEB8D21DECD12B005322DA /* PDUserDefaultsStorage.h in Headers */ = {isa = PBXBuildFile; fileRef = EADEB89E1DECD12B005322DA /* PDUserDefaultsStorage.h */; settings = {ATTRIBUTES = (Private, ); }; };
		EADEB8D31DECD12B005322DA /* PDUserDefaultsStorage.m in Sources */ = {isa = PBXBuildFile; fileRef = EADEB89F1DECD12B005322DA /* PDUserDefaultsStorage.m */; };
		EADEB8D41DECD12B005322DA /* PDUtils.h in Headers */ = {isa = PBXBuildFile; fileRef = EADEB8A01DECD12B005322DA /* PDUtils.h */; settings = {ATTRIBUTES = (Private, ); }; };
		EADEB8D51DECD12B005322DA /* PDUtils.m in Sources */ = {isa = PBXBuildFile; fileRef = EADEB8A11DECD12B005322DA /* PDUtils.m */; };
		EADEB8D61DECD12B005322DA /* UIViewController+PDScreen.h in Headers */ = {isa = PBXBuildFile; fileRef = EADEB8A21DECD12B005322DA /* UIViewController+PDScreen.h */; settings = {ATTRIBUTES = (Private, ); }; };
		EADEB8D71DECD12B005322DA /* UIViewController+PDScreen.m in Sources */ = {isa = PBXBuildFile; fileRef = EADEB8A31DECD12B005322DA /* UIViewController+PDScreen.m */; };
		EADEB8D81DECD12B005322DA /* PDContext.h in Headers */ = {isa = PBXBuildFile; fileRef = EADEB8A51DECD12B005322DA /* PDContext.h */; settings = {ATTRIBUTES = (Public, ); }; };
		EADEB8D91DECD12B005322DA /* PDContext.m in Sources */ = {isa = PBXBuildFile; fileRef = EADEB8A61DECD12B005322DA /* PDContext.m */; };
		EADEB8DA1DECD12B005322DA /* PDMiddleware.h in Headers */ = {isa = PBXBuildFile; fileRef = EADEB8A71DECD12B005322DA /* PDMiddleware.h */; settings = {ATTRIBUTES = (Public, ); }; };
		EADEB8DB1DECD12B005322DA /* PDMiddleware.m in Sources */ = {isa = PBXBuildFile; fileRef = EADEB8A81DECD12B005322DA /* PDMiddleware.m */; };
		EADEB8DC1DECD12B005322DA /* PDAnalytics.h in Headers */ = {isa = PBXBuildFile; fileRef = EADEB8A91DECD12B005322DA /* PDAnalytics.h */; settings = {ATTRIBUTES = (Public, ); }; };
		EADEB8DD1DECD12B005322DA /* PDAnalytics.m in Sources */ = {isa = PBXBuildFile; fileRef = EADEB8AA1DECD12B005322DA /* PDAnalytics.m */; };
		EADEB8DE1DECD12B005322DA /* PDAnalyticsConfiguration.h in Headers */ = {isa = PBXBuildFile; fileRef = EADEB8AB1DECD12B005322DA /* PDAnalyticsConfiguration.h */; settings = {ATTRIBUTES = (Public, ); }; };
		EADEB8DF1DECD12B005322DA /* PDAnalyticsConfiguration.m in Sources */ = {isa = PBXBuildFile; fileRef = EADEB8AC1DECD12B005322DA /* PDAnalyticsConfiguration.m */; };
		EADEB8EE1DECD335005322DA /* HTTPClientTest.swift in Sources */ = {isa = PBXBuildFile; fileRef = EADEB8E01DECD335005322DA /* HTTPClientTest.swift */; };
		EADEB8EF1DECD335005322DA /* NSData+PDGUNZIPP.m in Sources */ = {isa = PBXBuildFile; fileRef = EADEB8E31DECD335005322DA /* NSData+PDGUNZIPP.m */; };
		EADEB8F01DECD335005322DA /* TestUtils.swift in Sources */ = {isa = PBXBuildFile; fileRef = EADEB8E41DECD335005322DA /* TestUtils.swift */; };
		EADEB8F11DECD335005322DA /* FileStorageTest.swift in Sources */ = {isa = PBXBuildFile; fileRef = EADEB8E51DECD335005322DA /* FileStorageTest.swift */; };
		EADEB8F21DECD335005322DA /* UserDefaultsStorageTest.swift in Sources */ = {isa = PBXBuildFile; fileRef = EADEB8E61DECD335005322DA /* UserDefaultsStorageTest.swift */; };
		EADEB8F31DECD335005322DA /* AnalyticsTests.swift in Sources */ = {isa = PBXBuildFile; fileRef = EADEB8E71DECD335005322DA /* AnalyticsTests.swift */; };
		EADEB8F41DECD335005322DA /* ContextTest.swift in Sources */ = {isa = PBXBuildFile; fileRef = EADEB8E81DECD335005322DA /* ContextTest.swift */; };
		EADEB8F51DECD335005322DA /* CryptoTest.swift in Sources */ = {isa = PBXBuildFile; fileRef = EADEB8E91DECD335005322DA /* CryptoTest.swift */; };
		F61EB4AF1F996DEF0038C8C0 /* AnalyticsUtilTests.swift in Sources */ = {isa = PBXBuildFile; fileRef = F61EB4AE1F996DEF0038C8C0 /* AnalyticsUtilTests.swift */; };
/* End PBXBuildFile section */

/* Begin PBXContainerItemProxy section */
		A3B6E29A25116B4100609A13 /* PBXContainerItemProxy */ = {
			isa = PBXContainerItemProxy;
			containerPortal = EADEB8521DECD080005322DA /* Project object */;
			proxyType = 1;
			remoteGlobalIDString = EADEB85A1DECD080005322DA;
			remoteInfo = PrimeData;
		};
/* End PBXContainerItemProxy section */

/* Begin PBXFileReference section */
		5AF0E8457CCFC077382BF449 /* AutoScreenReportingTest.swift */ = {isa = PBXFileReference; fileEncoding = 4; lastKnownFileType = sourcecode.swift; path = AutoScreenReportingTest.swift; sourceTree = "<group>"; };
		5AF0EDFEDC0EE79A0A0EB713 /* PDScreenReporting.h */ = {isa = PBXFileReference; fileEncoding = 4; lastKnownFileType = sourcecode.c.h; path = PDScreenReporting.h; sourceTree = "<group>"; };
		63E090D722DD49C300DEC7EC /* UIViewController+SegScreenTest.h */ = {isa = PBXFileReference; lastKnownFileType = sourcecode.c.h; path = "UIViewController+SegScreenTest.h"; sourceTree = "<group>"; };
		6E265C781FB1178C0030E08E /* IntegrationsManagerTest.swift */ = {isa = PBXFileReference; lastKnownFileType = sourcecode.swift; path = IntegrationsManagerTest.swift; sourceTree = "<group>"; };
		6EEC1C702017EA370089C478 /* EndToEndTests.swift */ = {isa = PBXFileReference; indentWidth = 4; lastKnownFileType = sourcecode.swift; path = EndToEndTests.swift; sourceTree = "<group>"; tabWidth = 4; };
		75FD42002524019100BC8970 /* PDWebhookIntegration.h */ = {isa = PBXFileReference; lastKnownFileType = sourcecode.c.h; path = PDWebhookIntegration.h; sourceTree = "<group>"; };
		75FD4201252401B500BC8970 /* PDWebhookIntegration.m */ = {isa = PBXFileReference; lastKnownFileType = sourcecode.c.objc; path = PDWebhookIntegration.m; sourceTree = "<group>"; };
		96A12C2624B680DB00949804 /* NSViewController+PDScreen.h */ = {isa = PBXFileReference; lastKnownFileType = sourcecode.c.h; path = "NSViewController+PDScreen.h"; sourceTree = "<group>"; };
		96A12C2724B680DB00949804 /* NSViewController+PDScreen.m */ = {isa = PBXFileReference; lastKnownFileType = sourcecode.c.objc; path = "NSViewController+PDScreen.m"; sourceTree = "<group>"; };
		A31958EE2385AC3A00A47EFA /* SerializationTests.m */ = {isa = PBXFileReference; indentWidth = 4; lastKnownFileType = sourcecode.c.objc; path = SerializationTests.m; sourceTree = "<group>"; tabWidth = 4; };
		A34CC6DB249AAEBA00C5E368 /* PDState.m */ = {isa = PBXFileReference; fileEncoding = 4; lastKnownFileType = sourcecode.c.objc; path = PDState.m; sourceTree = "<group>"; };
		A34CC6DC249AAEBB00C5E368 /* PDState.h */ = {isa = PBXFileReference; fileEncoding = 4; lastKnownFileType = sourcecode.c.h; path = PDState.h; sourceTree = "<group>"; };
		A352175F23AD5825005B07F6 /* PDMacros.h */ = {isa = PBXFileReference; lastKnownFileType = sourcecode.c.h; path = PDMacros.h; sourceTree = "<group>"; };
		A3BECDCE24BCE1E3009E2BD3 /* ObjcUtils.h */ = {isa = PBXFileReference; lastKnownFileType = sourcecode.c.h; path = ObjcUtils.h; sourceTree = "<group>"; };
		A3BECDCF24BCE1E3009E2BD3 /* ObjcUtils.m */ = {isa = PBXFileReference; lastKnownFileType = sourcecode.c.objc; path = ObjcUtils.m; sourceTree = "<group>"; };
		C31674B18CD818C64F8F3935 /* Pods_PrimeDataTests.framework */ = {isa = PBXFileReference; explicitFileType = wrapper.framework; includeInIndex = 0; path = Pods_PrimeDataTests.framework; sourceTree = BUILT_PRODUCTS_DIR; };
		EA88A5971DED7608009FB66A /* PDSerializableValue.h */ = {isa = PBXFileReference; fileEncoding = 4; lastKnownFileType = sourcecode.c.h; path = PDSerializableValue.h; sourceTree = "<group>"; };
		EA8F09731E24C5C600B8B93F /* MiddlewareTests.swift */ = {isa = PBXFileReference; fileEncoding = 4; lastKnownFileType = sourcecode.swift; path = MiddlewareTests.swift; sourceTree = "<group>"; };
		EAA542761EB4035400945DA7 /* TrackingTests.swift */ = {isa = PBXFileReference; fileEncoding = 4; lastKnownFileType = sourcecode.swift; path = TrackingTests.swift; sourceTree = "<group>"; };
		EAA5427B1EB42B8C00945DA7 /* PDReachability.h */ = {isa = PBXFileReference; fileEncoding = 4; lastKnownFileType = sourcecode.c.h; path = PDReachability.h; sourceTree = "<group>"; };
		EAA5427C1EB42B8C00945DA7 /* PDReachability.m */ = {isa = PBXFileReference; fileEncoding = 4; lastKnownFileType = sourcecode.c.objc; path = PDReachability.m; sourceTree = "<group>"; };
		EAA5427F1EB4382100945DA7 /* StoreKitTrackerTests.swift */ = {isa = PBXFileReference; fileEncoding = 4; lastKnownFileType = sourcecode.swift; name = StoreKitTrackerTests.swift; path = PrimeDataTests/StoreKitTrackerTests.swift; sourceTree = SOURCE_ROOT; };
		EADEB85B1DECD080005322DA /* PrimeData.framework */ = {isa = PBXFileReference; explicitFileType = wrapper.framework; includeInIndex = 0; path = PrimeData.framework; sourceTree = BUILT_PRODUCTS_DIR; };
		EADEB85E1DECD080005322DA /* PrimeData.h */ = {isa = PBXFileReference; lastKnownFileType = sourcecode.c.h; path = PrimeData.h; sourceTree = "<group>"; };
		EADEB85F1DECD080005322DA /* Info.plist */ = {isa = PBXFileReference; lastKnownFileType = text.plist.xml; path = Info.plist; sourceTree = "<group>"; };
		EADEB86A1DECD0EF005322DA /* PrimeDataTests.xctest */ = {isa = PBXFileReference; explicitFileType = wrapper.cfbundle; includeInIndex = 0; path = PrimeDataTests.xctest; sourceTree = BUILT_PRODUCTS_DIR; };
		EADEB8781DECD12B005322DA /* PDAES256Crypto.h */ = {isa = PBXFileReference; fileEncoding = 4; lastKnownFileType = sourcecode.c.h; path = PDAES256Crypto.h; sourceTree = "<group>"; };
		EADEB8791DECD12B005322DA /* PDAES256Crypto.m */ = {isa = PBXFileReference; fileEncoding = 4; lastKnownFileType = sourcecode.c.objc; path = PDAES256Crypto.m; sourceTree = "<group>"; };
		EADEB87A1DECD12B005322DA /* PDCrypto.h */ = {isa = PBXFileReference; fileEncoding = 4; lastKnownFileType = sourcecode.c.h; path = PDCrypto.h; sourceTree = "<group>"; };
		EADEB87C1DECD12B005322DA /* PDAliasPayload.h */ = {isa = PBXFileReference; fileEncoding = 4; lastKnownFileType = sourcecode.c.h; path = PDAliasPayload.h; sourceTree = "<group>"; };
		EADEB87D1DECD12B005322DA /* PDAliasPayload.m */ = {isa = PBXFileReference; fileEncoding = 4; lastKnownFileType = sourcecode.c.objc; path = PDAliasPayload.m; sourceTree = "<group>"; };
		EADEB87E1DECD12B005322DA /* PDGroupPayload.h */ = {isa = PBXFileReference; fileEncoding = 4; lastKnownFileType = sourcecode.c.h; path = PDGroupPayload.h; sourceTree = "<group>"; };
		EADEB87F1DECD12B005322DA /* PDGroupPayload.m */ = {isa = PBXFileReference; fileEncoding = 4; lastKnownFileType = sourcecode.c.objc; path = PDGroupPayload.m; sourceTree = "<group>"; };
		EADEB8801DECD12B005322DA /* PDIdentifyPayload.h */ = {isa = PBXFileReference; fileEncoding = 4; lastKnownFileType = sourcecode.c.h; path = PDIdentifyPayload.h; sourceTree = "<group>"; };
		EADEB8811DECD12B005322DA /* PDIdentifyPayload.m */ = {isa = PBXFileReference; fileEncoding = 4; lastKnownFileType = sourcecode.c.objc; path = PDIdentifyPayload.m; sourceTree = "<group>"; };
		EADEB8821DECD12B005322DA /* PDIntegration.h */ = {isa = PBXFileReference; fileEncoding = 4; lastKnownFileType = sourcecode.c.h; path = PDIntegration.h; sourceTree = "<group>"; };
		EADEB8831DECD12B005322DA /* PDIntegrationFactory.h */ = {isa = PBXFileReference; fileEncoding = 4; lastKnownFileType = sourcecode.c.h; path = PDIntegrationFactory.h; sourceTree = "<group>"; };
		EADEB8841DECD12B005322DA /* PDIntegrationsManager.h */ = {isa = PBXFileReference; fileEncoding = 4; lastKnownFileType = sourcecode.c.h; path = PDIntegrationsManager.h; sourceTree = "<group>"; };
		EADEB8851DECD12B005322DA /* PDIntegrationsManager.m */ = {isa = PBXFileReference; fileEncoding = 4; lastKnownFileType = sourcecode.c.objc; path = PDIntegrationsManager.m; sourceTree = "<group>"; };
		EADEB8861DECD12B005322DA /* PDPayload.h */ = {isa = PBXFileReference; fileEncoding = 4; lastKnownFileType = sourcecode.c.h; path = PDPayload.h; sourceTree = "<group>"; };
		EADEB8871DECD12B005322DA /* PDPayload.m */ = {isa = PBXFileReference; fileEncoding = 4; lastKnownFileType = sourcecode.c.objc; path = PDPayload.m; sourceTree = "<group>"; };
		EADEB8881DECD12B005322DA /* PDScreenPayload.h */ = {isa = PBXFileReference; fileEncoding = 4; lastKnownFileType = sourcecode.c.h; path = PDScreenPayload.h; sourceTree = "<group>"; };
		EADEB8891DECD12B005322DA /* PDScreenPayload.m */ = {isa = PBXFileReference; fileEncoding = 4; lastKnownFileType = sourcecode.c.objc; path = PDScreenPayload.m; sourceTree = "<group>"; };
		EADEB88A1DECD12B005322DA /* PDTrackPayload.h */ = {isa = PBXFileReference; fileEncoding = 4; lastKnownFileType = sourcecode.c.h; path = PDTrackPayload.h; sourceTree = "<group>"; };
		EADEB88B1DECD12B005322DA /* PDTrackPayload.m */ = {isa = PBXFileReference; fileEncoding = 4; lastKnownFileType = sourcecode.c.objc; path = PDTrackPayload.m; sourceTree = "<group>"; };
		EADEB88D1DECD12B005322DA /* NSData+PDGZIP.h */ = {isa = PBXFileReference; fileEncoding = 4; lastKnownFileType = sourcecode.c.h; path = "NSData+PDGZIP.h"; sourceTree = "<group>"; };
		EADEB88E1DECD12B005322DA /* NSData+PDGZIP.m */ = {isa = PBXFileReference; fileEncoding = 4; lastKnownFileType = sourcecode.c.objc; path = "NSData+PDGZIP.m"; sourceTree = "<group>"; };
		EADEB88F1DECD12B005322DA /* PDAnalyticsUtils.h */ = {isa = PBXFileReference; fileEncoding = 4; lastKnownFileType = sourcecode.c.h; path = PDAnalyticsUtils.h; sourceTree = "<group>"; };
		EADEB8901DECD12B005322DA /* PDAnalyticsUtils.m */ = {isa = PBXFileReference; fileEncoding = 4; lastKnownFileType = sourcecode.c.objc; path = PDAnalyticsUtils.m; sourceTree = "<group>"; };
		EADEB8911DECD12B005322DA /* PDFileStorage.h */ = {isa = PBXFileReference; fileEncoding = 4; lastKnownFileType = sourcecode.c.h; path = PDFileStorage.h; sourceTree = "<group>"; };
		EADEB8921DECD12B005322DA /* PDFileStorage.m */ = {isa = PBXFileReference; fileEncoding = 4; lastKnownFileType = sourcecode.c.objc; path = PDFileStorage.m; sourceTree = "<group>"; };
		EADEB8931DECD12B005322DA /* PDHTTPClient.h */ = {isa = PBXFileReference; fileEncoding = 4; lastKnownFileType = sourcecode.c.h; path = PDHTTPClient.h; sourceTree = "<group>"; };
		EADEB8941DECD12B005322DA /* PDHTTPClient.m */ = {isa = PBXFileReference; fileEncoding = 4; lastKnownFileType = sourcecode.c.objc; path = PDHTTPClient.m; sourceTree = "<group>"; };
		EADEB8971DECD12B005322DA /* PDPrimeDataIntegration.h */ = {isa = PBXFileReference; fileEncoding = 4; lastKnownFileType = sourcecode.c.h; path = PDPrimeDataIntegration.h; sourceTree = "<group>"; };
		EADEB8981DECD12B005322DA /* PDPrimeDataIntegration.m */ = {isa = PBXFileReference; fileEncoding = 4; lastKnownFileType = sourcecode.c.objc; path = PDPrimeDataIntegration.m; sourceTree = "<group>"; };
		EADEB8991DECD12B005322DA /* PDPrimeDataIntegrationFactory.h */ = {isa = PBXFileReference; fileEncoding = 4; lastKnownFileType = sourcecode.c.h; path = PDPrimeDataIntegrationFactory.h; sourceTree = "<group>"; };
		EADEB89A1DECD12B005322DA /* PDPrimeDataIntegrationFactory.m */ = {isa = PBXFileReference; fileEncoding = 4; lastKnownFileType = sourcecode.c.objc; path = PDPrimeDataIntegrationFactory.m; sourceTree = "<group>"; };
		EADEB89B1DECD12B005322DA /* PDStorage.h */ = {isa = PBXFileReference; fileEncoding = 4; lastKnownFileType = sourcecode.c.h; path = PDStorage.h; sourceTree = "<group>"; };
		EADEB89C1DECD12B005322DA /* PDStoreKitTracker.h */ = {isa = PBXFileReference; fileEncoding = 4; lastKnownFileType = sourcecode.c.h; path = PDStoreKitTracker.h; sourceTree = "<group>"; };
		EADEB89D1DECD12B005322DA /* PDStoreKitTracker.m */ = {isa = PBXFileReference; fileEncoding = 4; lastKnownFileType = sourcecode.c.objc; path = PDStoreKitTracker.m; sourceTree = "<group>"; };
		EADEB89E1DECD12B005322DA /* PDUserDefaultsStorage.h */ = {isa = PBXFileReference; fileEncoding = 4; lastKnownFileType = sourcecode.c.h; path = PDUserDefaultsStorage.h; sourceTree = "<group>"; };
		EADEB89F1DECD12B005322DA /* PDUserDefaultsStorage.m */ = {isa = PBXFileReference; fileEncoding = 4; lastKnownFileType = sourcecode.c.objc; path = PDUserDefaultsStorage.m; sourceTree = "<group>"; };
		EADEB8A01DECD12B005322DA /* PDUtils.h */ = {isa = PBXFileReference; fileEncoding = 4; lastKnownFileType = sourcecode.c.h; path = PDUtils.h; sourceTree = "<group>"; };
		EADEB8A11DECD12B005322DA /* PDUtils.m */ = {isa = PBXFileReference; fileEncoding = 4; lastKnownFileType = sourcecode.c.objc; path = PDUtils.m; sourceTree = "<group>"; };
		EADEB8A21DECD12B005322DA /* UIViewController+PDScreen.h */ = {isa = PBXFileReference; fileEncoding = 4; lastKnownFileType = sourcecode.c.h; path = "UIViewController+PDScreen.h"; sourceTree = "<group>"; };
		EADEB8A31DECD12B005322DA /* UIViewController+PDScreen.m */ = {isa = PBXFileReference; fileEncoding = 4; lastKnownFileType = sourcecode.c.objc; path = "UIViewController+PDScreen.m"; sourceTree = "<group>"; };
		EADEB8A51DECD12B005322DA /* PDContext.h */ = {isa = PBXFileReference; fileEncoding = 4; lastKnownFileType = sourcecode.c.h; path = PDContext.h; sourceTree = "<group>"; };
		EADEB8A61DECD12B005322DA /* PDContext.m */ = {isa = PBXFileReference; fileEncoding = 4; lastKnownFileType = sourcecode.c.objc; path = PDContext.m; sourceTree = "<group>"; };
		EADEB8A71DECD12B005322DA /* PDMiddleware.h */ = {isa = PBXFileReference; fileEncoding = 4; lastKnownFileType = sourcecode.c.h; path = PDMiddleware.h; sourceTree = "<group>"; };
		EADEB8A81DECD12B005322DA /* PDMiddleware.m */ = {isa = PBXFileReference; fileEncoding = 4; lastKnownFileType = sourcecode.c.objc; path = PDMiddleware.m; sourceTree = "<group>"; };
		EADEB8A91DECD12B005322DA /* PDAnalytics.h */ = {isa = PBXFileReference; fileEncoding = 4; lastKnownFileType = sourcecode.c.h; path = PDAnalytics.h; sourceTree = "<group>"; };
		EADEB8AA1DECD12B005322DA /* PDAnalytics.m */ = {isa = PBXFileReference; fileEncoding = 4; lastKnownFileType = sourcecode.c.objc; path = PDAnalytics.m; sourceTree = "<group>"; };
		EADEB8AB1DECD12B005322DA /* PDAnalyticsConfiguration.h */ = {isa = PBXFileReference; fileEncoding = 4; lastKnownFileType = sourcecode.c.h; path = PDAnalyticsConfiguration.h; sourceTree = "<group>"; };
		EADEB8AC1DECD12B005322DA /* PDAnalyticsConfiguration.m */ = {isa = PBXFileReference; fileEncoding = 4; lastKnownFileType = sourcecode.c.objc; path = PDAnalyticsConfiguration.m; sourceTree = "<group>"; };
		EADEB8E01DECD335005322DA /* HTTPClientTest.swift */ = {isa = PBXFileReference; fileEncoding = 4; lastKnownFileType = sourcecode.swift; path = HTTPClientTest.swift; sourceTree = "<group>"; };
		EADEB8E21DECD335005322DA /* NSData+PDGUNZIPP.h */ = {isa = PBXFileReference; fileEncoding = 4; lastKnownFileType = sourcecode.c.h; path = "NSData+PDGUNZIPP.h"; sourceTree = "<group>"; };
		EADEB8E31DECD335005322DA /* NSData+PDGUNZIPP.m */ = {isa = PBXFileReference; fileEncoding = 4; lastKnownFileType = sourcecode.c.objc; path = "NSData+PDGUNZIPP.m"; sourceTree = "<group>"; };
		EADEB8E41DECD335005322DA /* TestUtils.swift */ = {isa = PBXFileReference; fileEncoding = 4; lastKnownFileType = sourcecode.swift; path = TestUtils.swift; sourceTree = "<group>"; };
		EADEB8E51DECD335005322DA /* FileStorageTest.swift */ = {isa = PBXFileReference; fileEncoding = 4; lastKnownFileType = sourcecode.swift; path = FileStorageTest.swift; sourceTree = "<group>"; };
		EADEB8E61DECD335005322DA /* UserDefaultsStorageTest.swift */ = {isa = PBXFileReference; fileEncoding = 4; lastKnownFileType = sourcecode.swift; path = UserDefaultsStorageTest.swift; sourceTree = "<group>"; };
		EADEB8E71DECD335005322DA /* AnalyticsTests.swift */ = {isa = PBXFileReference; fileEncoding = 4; lastKnownFileType = sourcecode.swift; path = AnalyticsTests.swift; sourceTree = "<group>"; };
		EADEB8E81DECD335005322DA /* ContextTest.swift */ = {isa = PBXFileReference; fileEncoding = 4; lastKnownFileType = sourcecode.swift; path = ContextTest.swift; sourceTree = "<group>"; };
		EADEB8E91DECD335005322DA /* CryptoTest.swift */ = {isa = PBXFileReference; fileEncoding = 4; lastKnownFileType = sourcecode.swift; path = CryptoTest.swift; sourceTree = "<group>"; };
		EADEB8EA1DECD335005322DA /* Info.plist */ = {isa = PBXFileReference; fileEncoding = 4; lastKnownFileType = text.plist.xml; path = Info.plist; sourceTree = "<group>"; };
		EADEB8EC1DECD335005322DA /* AnalyticsTests-Bridging-Header.h */ = {isa = PBXFileReference; fileEncoding = 4; lastKnownFileType = sourcecode.c.h; path = "AnalyticsTests-Bridging-Header.h"; sourceTree = "<group>"; };
		EADEB8FF1DED3711005322DA /* circle.yml */ = {isa = PBXFileReference; lastKnownFileType = text; path = circle.yml; sourceTree = "<group>"; };
		EADEB9001DED3711005322DA /* Analytics.podspec */ = {isa = PBXFileReference; lastKnownFileType = text; path = Analytics.podspec; sourceTree = "<group>"; xcLanguageSpecificationIdentifier = xcode.lang.ruby; };
		EADEB9011DED3711005322DA /* Podfile.lock */ = {isa = PBXFileReference; lastKnownFileType = text; path = Podfile.lock; sourceTree = "<group>"; };
		F61EB4AE1F996DEF0038C8C0 /* AnalyticsUtilTests.swift */ = {isa = PBXFileReference; fileEncoding = 4; lastKnownFileType = sourcecode.swift; path = AnalyticsUtilTests.swift; sourceTree = "<group>"; };
		FCBCA487BBFE32EC6A04989F /* Pods_PrimeDataTestsTVOS.framework */ = {isa = PBXFileReference; explicitFileType = wrapper.framework; includeInIndex = 0; path = Pods_PrimeDataTestsTVOS.framework; sourceTree = BUILT_PRODUCTS_DIR; };
/* End PBXFileReference section */

/* Begin PBXFrameworksBuildPhase section */
		EADEB8571DECD080005322DA /* Frameworks */ = {
			isa = PBXFrameworksBuildPhase;
			buildActionMask = 2147483647;
			files = (
			);
			runOnlyForDeploymentPostprocessing = 0;
		};
		EADEB8671DECD0EF005322DA /* Frameworks */ = {
			isa = PBXFrameworksBuildPhase;
			buildActionMask = 2147483647;
			files = (
				A3B6E29925116B3A00609A13 /* PrimeData.framework in Frameworks */,
			);
			runOnlyForDeploymentPostprocessing = 0;
		};
/* End PBXFrameworksBuildPhase section */

/* Begin PBXGroup section */
		245A982558D113AD25B2912E /* Frameworks */ = {
			isa = PBXGroup;
			children = (
				C31674B18CD818C64F8F3935 /* Pods_PrimeDataTests.framework */,
				FCBCA487BBFE32EC6A04989F /* Pods_PrimeDataTestsTVOS.framework */,
			);
			name = Frameworks;
			sourceTree = "<group>";
		};
		EADEB8511DECD080005322DA = {
			isa = PBXGroup;
			children = (
				EADEB85D1DECD080005322DA /* Analytics */,
				EADEB86B1DECD0EF005322DA /* AnalyticsTests */,
				EADEB85C1DECD080005322DA /* Products */,
				EADEB8FE1DED36ED005322DA /* Supporting Files */,
				245A982558D113AD25B2912E /* Frameworks */,
			);
			sourceTree = "<group>";
		};
		EADEB85C1DECD080005322DA /* Products */ = {
			isa = PBXGroup;
			children = (
				EADEB85B1DECD080005322DA /* PrimeData.framework */,
				EADEB86A1DECD0EF005322DA /* PrimeDataTests.xctest */,
			);
			name = Products;
			sourceTree = "<group>";
		};
		EADEB85D1DECD080005322DA /* Analytics */ = {
			isa = PBXGroup;
			children = (
				EADEB8751DECD12B005322DA /* Classes */,
				EADEB85F1DECD080005322DA /* Info.plist */,
				EADEB88C1DECD12B005322DA /* Internal */,
			);
			name = Analytics;
			path = PrimeData;
			sourceTree = "<group>";
		};
		EADEB86B1DECD0EF005322DA /* AnalyticsTests */ = {
			isa = PBXGroup;
			children = (
				EADEB8E11DECD335005322DA /* Utils */,
				EADEB8E01DECD335005322DA /* HTTPClientTest.swift */,
				EAA5427F1EB4382100945DA7 /* StoreKitTrackerTests.swift */,
				EADEB8E51DECD335005322DA /* FileStorageTest.swift */,
				EADEB8E61DECD335005322DA /* UserDefaultsStorageTest.swift */,
				EA8F09731E24C5C600B8B93F /* MiddlewareTests.swift */,
				EADEB8E71DECD335005322DA /* AnalyticsTests.swift */,
				F61EB4AE1F996DEF0038C8C0 /* AnalyticsUtilTests.swift */,
				EAA542761EB4035400945DA7 /* TrackingTests.swift */,
				EADEB8E81DECD335005322DA /* ContextTest.swift */,
				EADEB8E91DECD335005322DA /* CryptoTest.swift */,
				EADEB8EA1DECD335005322DA /* Info.plist */,
				EADEB8EC1DECD335005322DA /* AnalyticsTests-Bridging-Header.h */,
				6E265C781FB1178C0030E08E /* IntegrationsManagerTest.swift */,
				6EEC1C702017EA370089C478 /* EndToEndTests.swift */,
				A31958EE2385AC3A00A47EFA /* SerializationTests.m */,
				5AF0E8457CCFC077382BF449 /* AutoScreenReportingTest.swift */,
				63E090D722DD49C300DEC7EC /* UIViewController+SegScreenTest.h */,
			);
			indentWidth = 4;
			name = AnalyticsTests;
			path = PrimeDataTests;
			sourceTree = "<group>";
			tabWidth = 4;
		};
		EADEB8751DECD12B005322DA /* Classes */ = {
			isa = PBXGroup;
			children = (
				EADEB85E1DECD080005322DA /* PrimeData.h */,
				EADEB87C1DECD12B005322DA /* PDAliasPayload.h */,
				EADEB87D1DECD12B005322DA /* PDAliasPayload.m */,
				EADEB8A91DECD12B005322DA /* PDAnalytics.h */,
				EADEB8AA1DECD12B005322DA /* PDAnalytics.m */,
				EADEB8AB1DECD12B005322DA /* PDAnalyticsConfiguration.h */,
				EADEB8AC1DECD12B005322DA /* PDAnalyticsConfiguration.m */,
				EADEB8A51DECD12B005322DA /* PDContext.h */,
				EADEB8A61DECD12B005322DA /* PDContext.m */,
				EADEB87A1DECD12B005322DA /* PDCrypto.h */,
				EADEB87E1DECD12B005322DA /* PDGroupPayload.h */,
				EADEB87F1DECD12B005322DA /* PDGroupPayload.m */,
				EADEB8931DECD12B005322DA /* PDHTTPClient.h */,
				EADEB8941DECD12B005322DA /* PDHTTPClient.m */,
				EADEB8801DECD12B005322DA /* PDIdentifyPayload.h */,
				EADEB8811DECD12B005322DA /* PDIdentifyPayload.m */,
				EADEB8821DECD12B005322DA /* PDIntegration.h */,
				EADEB8831DECD12B005322DA /* PDIntegrationFactory.h */,
				EADEB8A71DECD12B005322DA /* PDMiddleware.h */,
				EADEB8A81DECD12B005322DA /* PDMiddleware.m */,
				EADEB8861DECD12B005322DA /* PDPayload.h */,
				EADEB8871DECD12B005322DA /* PDPayload.m */,
				EAA5427B1EB42B8C00945DA7 /* PDReachability.h */,
				EAA5427C1EB42B8C00945DA7 /* PDReachability.m */,
				EADEB8881DECD12B005322DA /* PDScreenPayload.h */,
				EADEB8891DECD12B005322DA /* PDScreenPayload.m */,
				5AF0EDFEDC0EE79A0A0EB713 /* PDScreenReporting.h */,
				EADEB8971DECD12B005322DA /* PDPrimeDataIntegration.h */,
				EADEB8981DECD12B005322DA /* PDPrimeDataIntegration.m */,
				EADEB8991DECD12B005322DA /* PDPrimeDataIntegrationFactory.h */,
				EADEB89A1DECD12B005322DA /* PDPrimeDataIntegrationFactory.m */,
				EA88A5971DED7608009FB66A /* PDSerializableValue.h */,
				EADEB89B1DECD12B005322DA /* PDStorage.h */,
				EADEB88A1DECD12B005322DA /* PDTrackPayload.h */,
				EADEB88B1DECD12B005322DA /* PDTrackPayload.m */,
				EADEB88F1DECD12B005322DA /* PDAnalyticsUtils.h */,
				EADEB8901DECD12B005322DA /* PDAnalyticsUtils.m */,
				75FD42002524019100BC8970 /* PDWebhookIntegration.h */,
				75FD4201252401B500BC8970 /* PDWebhookIntegration.m */,
			);
			path = Classes;
			sourceTree = "<group>";
		};
		EADEB88C1DECD12B005322DA /* Internal */ = {
			isa = PBXGroup;
			children = (
				A34CC6DC249AAEBB00C5E368 /* PDState.h */,
				A34CC6DB249AAEBA00C5E368 /* PDState.m */,
				EADEB88D1DECD12B005322DA /* NSData+PDGZIP.h */,
				EADEB88E1DECD12B005322DA /* NSData+PDGZIP.m */,
				EADEB8781DECD12B005322DA /* PDAES256Crypto.h */,
				EADEB8791DECD12B005322DA /* PDAES256Crypto.m */,
				EADEB8911DECD12B005322DA /* PDFileStorage.h */,
				EADEB8921DECD12B005322DA /* PDFileStorage.m */,
				EADEB8841DECD12B005322DA /* PDIntegrationsManager.h */,
				EADEB8851DECD12B005322DA /* PDIntegrationsManager.m */,
				A352175F23AD5825005B07F6 /* PDMacros.h */,
				EADEB89C1DECD12B005322DA /* PDStoreKitTracker.h */,
				EADEB89D1DECD12B005322DA /* PDStoreKitTracker.m */,
				EADEB89E1DECD12B005322DA /* PDUserDefaultsStorage.h */,
				EADEB89F1DECD12B005322DA /* PDUserDefaultsStorage.m */,
				EADEB8A01DECD12B005322DA /* PDUtils.h */,
				EADEB8A11DECD12B005322DA /* PDUtils.m */,
				EADEB8A21DECD12B005322DA /* UIViewController+PDScreen.h */,
				EADEB8A31DECD12B005322DA /* UIViewController+PDScreen.m */,
				96A12C2624B680DB00949804 /* NSViewController+PDScreen.h */,
				96A12C2724B680DB00949804 /* NSViewController+PDScreen.m */,
			);
			path = Internal;
			sourceTree = "<group>";
		};
		EADEB8E11DECD335005322DA /* Utils */ = {
			isa = PBXGroup;
			children = (
				EADEB8E21DECD335005322DA /* NSData+PDGUNZIPP.h */,
				EADEB8E31DECD335005322DA /* NSData+PDGUNZIPP.m */,
				EADEB8E41DECD335005322DA /* TestUtils.swift */,
				A3BECDCE24BCE1E3009E2BD3 /* ObjcUtils.h */,
				A3BECDCF24BCE1E3009E2BD3 /* ObjcUtils.m */,
			);
			path = Utils;
			sourceTree = "<group>";
		};
		EADEB8FE1DED36ED005322DA /* Supporting Files */ = {
			isa = PBXGroup;
			children = (
				EADEB8FF1DED3711005322DA /* circle.yml */,
				EADEB9001DED3711005322DA /* Analytics.podspec */,
				EADEB9011DED3711005322DA /* Podfile.lock */,
			);
			name = "Supporting Files";
			sourceTree = "<group>";
		};
/* End PBXGroup section */

/* Begin PBXHeadersBuildPhase section */
		EADEB8581DECD080005322DA /* Headers */ = {
			isa = PBXHeadersBuildPhase;
			buildActionMask = 2147483647;
			files = (
				96A12C2824B680DB00949804 /* NSViewController+PDScreen.h in Headers */,
				A34CC6DE249AAEBB00C5E368 /* PDState.h in Headers */,
				EADEB8DC1DECD12B005322DA /* PDAnalytics.h in Headers */,
				EADEB8B81DECD12B005322DA /* PDIntegrationFactory.h in Headers */,
				EADEB8CB1DECD12B005322DA /* PDPrimeDataIntegration.h in Headers */,
				EADEB8CD1DECD12B005322DA /* PDPrimeDataIntegrationFactory.h in Headers */,
				EADEB8B71DECD12B005322DA /* PDIntegration.h in Headers */,
				EADEB8B51DECD12B005322DA /* PDIdentifyPayload.h in Headers */,
				EADEB8BB1DECD12B005322DA /* PDPayload.h in Headers */,
				EADEB8B11DECD12B005322DA /* PDAliasPayload.h in Headers */,
				EADEB8BD1DECD12B005322DA /* PDScreenPayload.h in Headers */,
				EA88A5981DED7608009FB66A /* PDSerializableValue.h in Headers */,
				EADEB8D81DECD12B005322DA /* PDContext.h in Headers */,
				EADEB8DA1DECD12B005322DA /* PDMiddleware.h in Headers */,
				EADEB8BF1DECD12B005322DA /* PDTrackPayload.h in Headers */,
				EADEB8C71DECD12B005322DA /* PDHTTPClient.h in Headers */,
				EADEB8B31DECD12B005322DA /* PDGroupPayload.h in Headers */,
				EADEB8B01DECD12B005322DA /* PDCrypto.h in Headers */,
				EADEB8DE1DECD12B005322DA /* PDAnalyticsConfiguration.h in Headers */,
				EADEB8D61DECD12B005322DA /* UIViewController+PDScreen.h in Headers */,
				EADEB8CF1DECD12B005322DA /* PDStorage.h in Headers */,
				75FD42052524F1E000BC8970 /* PDWebhookIntegration.h in Headers */,
				A352176023AD5825005B07F6 /* PDMacros.h in Headers */,
				EADEB8D21DECD12B005322DA /* PDUserDefaultsStorage.h in Headers */,
				EADEB8D01DECD12B005322DA /* PDStoreKitTracker.h in Headers */,
				EADEB8D41DECD12B005322DA /* PDUtils.h in Headers */,
				EADEB8601DECD080005322DA /* PrimeData.h in Headers */,
				EADEB8C31DECD12B005322DA /* PDAnalyticsUtils.h in Headers */,
				EADEB8B91DECD12B005322DA /* PDIntegrationsManager.h in Headers */,
				630FC8EA2107F2A500A759C5 /* PDScreenReporting.h in Headers */,
				EADEB8AE1DECD12B005322DA /* PDAES256Crypto.h in Headers */,
				EADEB8C51DECD12B005322DA /* PDFileStorage.h in Headers */,
				EAA5427D1EB42B8C00945DA7 /* PDReachability.h in Headers */,
				EADEB8C11DECD12B005322DA /* NSData+PDGZIP.h in Headers */,
			);
			runOnlyForDeploymentPostprocessing = 0;
		};
/* End PBXHeadersBuildPhase section */

/* Begin PBXNativeTarget section */
		EADEB85A1DECD080005322DA /* PrimeData */ = {
			isa = PBXNativeTarget;
			buildConfigurationList = EADEB8631DECD080005322DA /* Build configuration list for PBXNativeTarget "PrimeData" */;
			buildPhases = (
				EADEB8561DECD080005322DA /* Sources */,
				EADEB8571DECD080005322DA /* Frameworks */,
				EADEB8581DECD080005322DA /* Headers */,
				EADEB8591DECD080005322DA /* Resources */,
			);
			buildRules = (
			);
			dependencies = (
			);
			name = PrimeData;
			productName = PrimeData;
			productReference = EADEB85B1DECD080005322DA /* PrimeData.framework */;
			productType = "com.apple.product-type.framework";
		};
		EADEB8691DECD0EF005322DA /* PrimeDataTests */ = {
			isa = PBXNativeTarget;
			buildConfigurationList = EADEB8741DECD0EF005322DA /* Build configuration list for PBXNativeTarget "PrimeDataTests" */;
			buildPhases = (
				EADEB8661DECD0EF005322DA /* Sources */,
				EADEB8671DECD0EF005322DA /* Frameworks */,
				EADEB8681DECD0EF005322DA /* Resources */,
			);
			buildRules = (
			);
			dependencies = (
				A3B6E29B25116B4100609A13 /* PBXTargetDependency */,
			);
			name = PrimeDataTests;
			productName = AnalyticsTests;
			productReference = EADEB86A1DECD0EF005322DA /* PrimeDataTests.xctest */;
			productType = "com.apple.product-type.bundle.unit-test";
		};
/* End PBXNativeTarget section */

/* Begin PBXProject section */
		EADEB8521DECD080005322DA /* Project object */ = {
			isa = PBXProject;
			attributes = {
				LastSwiftUpdateCheck = 0810;
				LastUpgradeCheck = 1130;
				ORGANIZATIONNAME = PrimeData;
				TargetAttributes = {
					EADEB85A1DECD080005322DA = {
						CreatedOnToolsVersion = 8.1;
						ProvisioningStyle = Manual;
					};
					EADEB8691DECD0EF005322DA = {
						CreatedOnToolsVersion = 8.1;
						LastSwiftMigration = 1150;
						ProvisioningStyle = Automatic;
					};
				};
			};
			buildConfigurationList = EADEB8551DECD080005322DA /* Build configuration list for PBXProject "PrimeData" */;
			compatibilityVersion = "Xcode 3.2";
			developmentRegion = en;
			hasScannedForEncodings = 0;
			knownRegions = (
				en,
				Base,
			);
			mainGroup = EADEB8511DECD080005322DA;
			productRefGroup = EADEB85C1DECD080005322DA /* Products */;
			projectDirPath = "";
			projectRoot = "";
			targets = (
				EADEB85A1DECD080005322DA /* PrimeData */,
				EADEB8691DECD0EF005322DA /* PrimeDataTests */,
			);
		};
/* End PBXProject section */

/* Begin PBXResourcesBuildPhase section */
		EADEB8591DECD080005322DA /* Resources */ = {
			isa = PBXResourcesBuildPhase;
			buildActionMask = 2147483647;
			files = (
			);
			runOnlyForDeploymentPostprocessing = 0;
		};
		EADEB8681DECD0EF005322DA /* Resources */ = {
			isa = PBXResourcesBuildPhase;
			buildActionMask = 2147483647;
			files = (
			);
			runOnlyForDeploymentPostprocessing = 0;
		};
/* End PBXResourcesBuildPhase section */

/* Begin PBXSourcesBuildPhase section */
		EADEB8561DECD080005322DA /* Sources */ = {
			isa = PBXSourcesBuildPhase;
			buildActionMask = 2147483647;
			files = (
				EADEB8DD1DECD12B005322DA /* PDAnalytics.m in Sources */,
				EADEB8BE1DECD12B005322DA /* PDScreenPayload.m in Sources */,
				EADEB8B61DECD12B005322DA /* PDIdentifyPayload.m in Sources */,
				EADEB8CE1DECD12B005322DA /* PDPrimeDataIntegrationFactory.m in Sources */,
				96A12C2924B680DB00949804 /* NSViewController+PDScreen.m in Sources */,
				EADEB8C01DECD12B005322DA /* PDTrackPayload.m in Sources */,
				EADEB8AF1DECD12B005322DA /* PDAES256Crypto.m in Sources */,
				EADEB8C81DECD12B005322DA /* PDHTTPClient.m in Sources */,
				75FD4202252401B500BC8970 /* PDWebhookIntegration.m in Sources */,
				EADEB8CC1DECD12B005322DA /* PDPrimeDataIntegration.m in Sources */,
				EADEB8B21DECD12B005322DA /* PDAliasPayload.m in Sources */,
				EADEB8BA1DECD12B005322DA /* PDIntegrationsManager.m in Sources */,
				EADEB8C41DECD12B005322DA /* PDAnalyticsUtils.m in Sources */,
				EADEB8C61DECD12B005322DA /* PDFileStorage.m in Sources */,
				EADEB8D31DECD12B005322DA /* PDUserDefaultsStorage.m in Sources */,
				EADEB8BC1DECD12B005322DA /* PDPayload.m in Sources */,
				EADEB8C21DECD12B005322DA /* NSData+PDGZIP.m in Sources */,
				EADEB8D91DECD12B005322DA /* PDContext.m in Sources */,
				EADEB8DB1DECD12B005322DA /* PDMiddleware.m in Sources */,
				EADEB8DF1DECD12B005322DA /* PDAnalyticsConfiguration.m in Sources */,
				EADEB8D51DECD12B005322DA /* PDUtils.m in Sources */,
				EAA5427E1EB42B8C00945DA7 /* PDReachability.m in Sources */,
				EADEB8B41DECD12B005322DA /* PDGroupPayload.m in Sources */,
				A34CC6DD249AAEBB00C5E368 /* PDState.m in Sources */,
				EADEB8D71DECD12B005322DA /* UIViewController+PDScreen.m in Sources */,
				EADEB8D11DECD12B005322DA /* PDStoreKitTracker.m in Sources */,
			);
			runOnlyForDeploymentPostprocessing = 0;
		};
		EADEB8661DECD0EF005322DA /* Sources */ = {
			isa = PBXSourcesBuildPhase;
			buildActionMask = 2147483647;
			files = (
				EADEB8F51DECD335005322DA /* CryptoTest.swift in Sources */,
				EADEB8F21DECD335005322DA /* UserDefaultsStorageTest.swift in Sources */,
				EAA542771EB4035400945DA7 /* TrackingTests.swift in Sources */,
				EADEB8F41DECD335005322DA /* ContextTest.swift in Sources */,
				A31958EF2385AC3A00A47EFA /* SerializationTests.m in Sources */,
				EADEB8EE1DECD335005322DA /* HTTPClientTest.swift in Sources */,
				EADEB8F31DECD335005322DA /* AnalyticsTests.swift in Sources */,
				A3BECDD024BCE1E3009E2BD3 /* ObjcUtils.m in Sources */,
				EADEB8F11DECD335005322DA /* FileStorageTest.swift in Sources */,
				F61EB4AF1F996DEF0038C8C0 /* AnalyticsUtilTests.swift in Sources */,
				EAA542801EB4382100945DA7 /* StoreKitTrackerTests.swift in Sources */,
				EA8F09741E24C5C600B8B93F /* MiddlewareTests.swift in Sources */,
				6E265C791FB1178C0030E08E /* IntegrationsManagerTest.swift in Sources */,
				EADEB8EF1DECD335005322DA /* NSData+PDGUNZIPP.m in Sources */,
				6EEC1C712017EA370089C478 /* EndToEndTests.swift in Sources */,
				EADEB8F01DECD335005322DA /* TestUtils.swift in Sources */,
				5AF0E8AE77F57B356DACCFE7 /* AutoScreenReportingTest.swift in Sources */,
			);
			runOnlyForDeploymentPostprocessing = 0;
		};
/* End PBXSourcesBuildPhase section */

/* Begin PBXTargetDependency section */
		A3B6E29B25116B4100609A13 /* PBXTargetDependency */ = {
			isa = PBXTargetDependency;
			target = EADEB85A1DECD080005322DA /* PrimeData */;
			targetProxy = A3B6E29A25116B4100609A13 /* PBXContainerItemProxy */;
		};
/* End PBXTargetDependency section */

/* Begin XCBuildConfiguration section */
		EADEB8611DECD080005322DA /* Debug */ = {
			isa = XCBuildConfiguration;
			buildSettings = {
				ALWAYS_SEARCH_USER_PATHS = NO;
				CLANG_ANALYZER_LOCALIZABILITY_NONLOCALIZED = YES;
				CLANG_ANALYZER_NONNULL = YES;
				CLANG_CXX_LANGUAGE_STANDARD = "gnu++0x";
				CLANG_CXX_LIBRARY = "libc++";
				CLANG_ENABLE_MODULES = YES;
				CLANG_ENABLE_OBJC_ARC = YES;
				CLANG_WARN_BLOCK_CAPTURE_AUTORELEASING = YES;
				CLANG_WARN_BOOL_CONVERSION = YES;
				CLANG_WARN_COMMA = YES;
				CLANG_WARN_CONSTANT_CONVERSION = YES;
				CLANG_WARN_DEPRECATED_OBJC_IMPLEMENTATIONS = YES;
				CLANG_WARN_DIRECT_OBJC_ISA_USAGE = YES_ERROR;
				CLANG_WARN_DOCUMENTATION_COMMENTS = YES;
				CLANG_WARN_EMPTY_BODY = YES;
				CLANG_WARN_ENUM_CONVERSION = YES;
				CLANG_WARN_INFINITE_RECURSION = YES;
				CLANG_WARN_INT_CONVERSION = YES;
				CLANG_WARN_NON_LITERAL_NULL_CONVERSION = YES;
				CLANG_WARN_OBJC_IMPLICIT_RETAIN_SELF = YES;
				CLANG_WARN_OBJC_LITERAL_CONVERSION = YES;
				CLANG_WARN_OBJC_ROOT_CLASS = YES_ERROR;
				CLANG_WARN_RANGE_LOOP_ANALYSIS = YES;
				CLANG_WARN_STRICT_PROTOTYPES = YES;
				CLANG_WARN_SUSPICIOUS_MOVE = YES;
				CLANG_WARN_SUSPICIOUS_MOVES = YES;
				CLANG_WARN_UNREACHABLE_CODE = YES;
				CLANG_WARN__DUPLICATE_METHOD_MATCH = YES;
				"CODE_SIGN_IDENTITY[sdk=iphoneos*]" = "iPhone Developer";
				COPY_PHASE_STRIP = NO;
				CURRENT_PROJECT_VERSION = 1;
				DEBUG_INFORMATION_FORMAT = dwarf;
				ENABLE_STRICT_OBJC_MSGSEND = YES;
				ENABLE_TESTABILITY = YES;
				GCC_C_LANGUAGE_STANDARD = gnu99;
				GCC_DYNAMIC_NO_PIC = NO;
				GCC_NO_COMMON_BLOCKS = YES;
				GCC_OPTIMIZATION_LEVEL = 0;
				GCC_PREPROCESSOR_DEFINITIONS = (
					"DEBUG=1",
					"$(inherited)",
				);
				GCC_WARN_64_TO_32_BIT_CONVERSION = YES;
				GCC_WARN_ABOUT_RETURN_TYPE = YES_ERROR;
				GCC_WARN_UNDECLARED_SELECTOR = YES;
				GCC_WARN_UNINITIALIZED_AUTOS = YES_AGGRESSIVE;
				GCC_WARN_UNUSED_FUNCTION = YES;
				GCC_WARN_UNUSED_VARIABLE = YES;
				IPHONEOS_DEPLOYMENT_TARGET = 10.0;
				MTL_ENABLE_DEBUG_INFO = YES;
				ONLY_ACTIVE_ARCH = YES;
				SDKROOT = iphoneos;
				SWIFT_VERSION = 4.0;
				TARGETED_DEVICE_FAMILY = "1,2";
				VERSIONING_SYSTEM = "apple-generic";
				VERSION_INFO_PREFIX = "";
			};
			name = Debug;
		};
		EADEB8621DECD080005322DA /* Release */ = {
			isa = XCBuildConfiguration;
			buildSettings = {
				ALWAYS_SEARCH_USER_PATHS = NO;
				CLANG_ANALYZER_LOCALIZABILITY_NONLOCALIZED = YES;
				CLANG_ANALYZER_NONNULL = YES;
				CLANG_CXX_LANGUAGE_STANDARD = "gnu++0x";
				CLANG_CXX_LIBRARY = "libc++";
				CLANG_ENABLE_MODULES = YES;
				CLANG_ENABLE_OBJC_ARC = YES;
				CLANG_WARN_BLOCK_CAPTURE_AUTORELEASING = YES;
				CLANG_WARN_BOOL_CONVERSION = YES;
				CLANG_WARN_COMMA = YES;
				CLANG_WARN_CONSTANT_CONVERSION = YES;
				CLANG_WARN_DEPRECATED_OBJC_IMPLEMENTATIONS = YES;
				CLANG_WARN_DIRECT_OBJC_ISA_USAGE = YES_ERROR;
				CLANG_WARN_DOCUMENTATION_COMMENTS = YES;
				CLANG_WARN_EMPTY_BODY = YES;
				CLANG_WARN_ENUM_CONVERSION = YES;
				CLANG_WARN_INFINITE_RECURSION = YES;
				CLANG_WARN_INT_CONVERSION = YES;
				CLANG_WARN_NON_LITERAL_NULL_CONVERSION = YES;
				CLANG_WARN_OBJC_IMPLICIT_RETAIN_SELF = YES;
				CLANG_WARN_OBJC_LITERAL_CONVERSION = YES;
				CLANG_WARN_OBJC_ROOT_CLASS = YES_ERROR;
				CLANG_WARN_RANGE_LOOP_ANALYSIS = YES;
				CLANG_WARN_STRICT_PROTOTYPES = YES;
				CLANG_WARN_SUSPICIOUS_MOVE = YES;
				CLANG_WARN_SUSPICIOUS_MOVES = YES;
				CLANG_WARN_UNREACHABLE_CODE = YES;
				CLANG_WARN__DUPLICATE_METHOD_MATCH = YES;
				"CODE_SIGN_IDENTITY[sdk=iphoneos*]" = "iPhone Developer";
				COPY_PHASE_STRIP = NO;
				CURRENT_PROJECT_VERSION = 1;
				DEBUG_INFORMATION_FORMAT = "dwarf-with-dsym";
				ENABLE_NS_ASSERTIONS = NO;
				ENABLE_STRICT_OBJC_MSGSEND = YES;
				GCC_C_LANGUAGE_STANDARD = gnu99;
				GCC_NO_COMMON_BLOCKS = YES;
				GCC_WARN_64_TO_32_BIT_CONVERSION = YES;
				GCC_WARN_ABOUT_RETURN_TYPE = YES_ERROR;
				GCC_WARN_UNDECLARED_SELECTOR = YES;
				GCC_WARN_UNINITIALIZED_AUTOS = YES_AGGRESSIVE;
				GCC_WARN_UNUSED_FUNCTION = YES;
				GCC_WARN_UNUSED_VARIABLE = YES;
				IPHONEOS_DEPLOYMENT_TARGET = 10.0;
				MTL_ENABLE_DEBUG_INFO = NO;
				SDKROOT = iphoneos;
				SWIFT_OPTIMIZATION_LEVEL = "-Owholemodule";
				SWIFT_VERSION = 4.0;
				TARGETED_DEVICE_FAMILY = "1,2";
				VALIDATE_PRODUCT = YES;
				VERSIONING_SYSTEM = "apple-generic";
				VERSION_INFO_PREFIX = "";
			};
			name = Release;
		};
		EADEB8641DECD080005322DA /* Debug */ = {
			isa = XCBuildConfiguration;
			buildSettings = {
				APPLICATION_EXTENSION_API_ONLY = YES;
				CLANG_WARN_STRICT_PROTOTYPES = YES;
				CODE_SIGN_IDENTITY = "";
				CODE_SIGN_STYLE = Manual;
				DEFINES_MODULE = YES;
				DEVELOPMENT_TEAM = "";
				DYLIB_COMPATIBILITY_VERSION = 1;
				DYLIB_CURRENT_VERSION = 1;
				DYLIB_INSTALL_NAME_BASE = "@rpath";
				INFOPLIST_FILE = PrimeData/Info.plist;
				INSTALL_PATH = "$(LOCAL_LIBRARY_DIR)/Frameworks";
				LD_RUNPATH_SEARCH_PATHS = "$(inherited) @executable_path/Frameworks @loader_path/Frameworks";
				PRODUCT_BUNDLE_IDENTIFIER = com.segment.Analytics;
				PRODUCT_NAME = "$(TARGET_NAME)";
				PROVISIONING_PROFILE_SPECIFIER = "";
				"PROVISIONING_PROFILE_SPECIFIER[sdk=macosx*]" = "";
				SDKROOT = iphoneos;
				SKIP_INSTALL = YES;
				SUPPORTED_PLATFORMS = "iphonesimulator iphoneos appletvos appletvsimulator macosx";
				TARGETED_DEVICE_FAMILY = "1,2,3";
				TVOS_DEPLOYMENT_TARGET = 9.0;
			};
			name = Debug;
		};
		EADEB8651DECD080005322DA /* Release */ = {
			isa = XCBuildConfiguration;
			buildSettings = {
				APPLICATION_EXTENSION_API_ONLY = YES;
				CLANG_WARN_STRICT_PROTOTYPES = YES;
				CODE_SIGN_IDENTITY = "";
				CODE_SIGN_STYLE = Manual;
				DEFINES_MODULE = YES;
				DEVELOPMENT_TEAM = "";
				DYLIB_COMPATIBILITY_VERSION = 1;
				DYLIB_CURRENT_VERSION = 1;
				DYLIB_INSTALL_NAME_BASE = "@rpath";
				INFOPLIST_FILE = PrimeData/Info.plist;
				INSTALL_PATH = "$(LOCAL_LIBRARY_DIR)/Frameworks";
				LD_RUNPATH_SEARCH_PATHS = "$(inherited) @executable_path/Frameworks @loader_path/Frameworks";
				PRODUCT_BUNDLE_IDENTIFIER = com.segment.Analytics;
				PRODUCT_NAME = "$(TARGET_NAME)";
				PROVISIONING_PROFILE_SPECIFIER = "";
				"PROVISIONING_PROFILE_SPECIFIER[sdk=macosx*]" = "";
				SDKROOT = iphoneos;
				SKIP_INSTALL = YES;
				SUPPORTED_PLATFORMS = "iphonesimulator iphoneos appletvos appletvsimulator macosx";
				TARGETED_DEVICE_FAMILY = "1,2,3";
				TVOS_DEPLOYMENT_TARGET = 9.0;
			};
			name = Release;
		};
		EADEB8721DECD0EF005322DA /* Debug */ = {
			isa = XCBuildConfiguration;
			buildSettings = {
				INFOPLIST_FILE = PrimeDataTests/Info.plist;
				LD_RUNPATH_SEARCH_PATHS = "$(inherited) @executable_path/Frameworks @loader_path/Frameworks";
				PRODUCT_BUNDLE_IDENTIFIER = com.segment.AnalyticsTests;
				PRODUCT_NAME = "$(TARGET_NAME)";
				SUPPORTED_PLATFORMS = "iphonesimulator iphoneos macosx appletvos appletvsimulator";
				SWIFT_ACTIVE_COMPILATION_CONDITIONS = DEBUG;
				SWIFT_OBJC_BRIDGING_HEADER = "PrimeDataTests/AnalyticsTests-Bridging-Header.h";
				SWIFT_OPTIMIZATION_LEVEL = "-Onone";
				SWIFT_VERSION = 5.0;
				TARGETED_DEVICE_FAMILY = "1,2,3";
			};
			name = Debug;
		};
		EADEB8731DECD0EF005322DA /* Release */ = {
			isa = XCBuildConfiguration;
			buildSettings = {
				INFOPLIST_FILE = PrimeDataTests/Info.plist;
				LD_RUNPATH_SEARCH_PATHS = "$(inherited) @executable_path/Frameworks @loader_path/Frameworks";
				PRODUCT_BUNDLE_IDENTIFIER = com.segment.AnalyticsTests;
				PRODUCT_NAME = "$(TARGET_NAME)";
				SUPPORTED_PLATFORMS = "iphonesimulator iphoneos macosx appletvos appletvsimulator";
				SWIFT_OBJC_BRIDGING_HEADER = "PrimeDataTests/AnalyticsTests-Bridging-Header.h";
				SWIFT_OPTIMIZATION_LEVEL = "-Owholemodule";
				SWIFT_VERSION = 5.0;
				TARGETED_DEVICE_FAMILY = "1,2,3";
			};
			name = Release;
		};
/* End XCBuildConfiguration section */

/* Begin XCConfigurationList section */
		EADEB8551DECD080005322DA /* Build configuration list for PBXProject "PrimeData" */ = {
			isa = XCConfigurationList;
			buildConfigurations = (
				EADEB8611DECD080005322DA /* Debug */,
				EADEB8621DECD080005322DA /* Release */,
			);
			defaultConfigurationIsVisible = 0;
			defaultConfigurationName = Release;
		};
		EADEB8631DECD080005322DA /* Build configuration list for PBXNativeTarget "PrimeData" */ = {
			isa = XCConfigurationList;
			buildConfigurations = (
				EADEB8641DECD080005322DA /* Debug */,
				EADEB8651DECD080005322DA /* Release */,
			);
			defaultConfigurationIsVisible = 0;
			defaultConfigurationName = Release;
		};
		EADEB8741DECD0EF005322DA /* Build configuration list for PBXNativeTarget "PrimeDataTests" */ = {
			isa = XCConfigurationList;
			buildConfigurations = (
				EADEB8721DECD0EF005322DA /* Debug */,
				EADEB8731DECD0EF005322DA /* Release */,
			);
			defaultConfigurationIsVisible = 0;
			defaultConfigurationName = Release;
		};
/* End XCConfigurationList section */
	};
	rootObject = EADEB8521DECD080005322DA /* Project object */;
}
