PODS:
  - Analytics (4.1.1)
  - GoogleSignIn (4.1.2):
    - "GoogleToolboxForMac/NSDictionary+URLArguments (~> 2.1)"
    - "GoogleToolboxForMac/NSString+URLArguments (~> 2.1)"
    - GTMOAuth2 (~> 1.0)
    - GTMSessionFetcher/Core (~> 1.1)
  - GoogleToolboxForMac/DebugUtils (2.1.3):
    - GoogleToolboxForMac/Defines (= 2.1.3)
  - GoogleToolboxForMac/Defines (2.1.3)
  - "GoogleToolboxForMac/NSDictionary+URLArguments (2.1.3)":
    - GoogleToolboxForMac/DebugUtils (= 2.1.3)
    - GoogleToolboxForMac/Defines (= 2.1.3)
    - "GoogleToolboxForMac/NSString+URLArguments (= 2.1.3)"
  - "GoogleToolboxForMac/NSString+URLArguments (2.1.3)"
  - GTMOAuth2 (1.1.6):
    - GTMSessionFetcher (~> 1.1)
  - GTMSessionFetcher (1.1.13):
    - GTMSessionFetcher/Full (= 1.1.13)
  - GTMSessionFetcher/Core (1.1.13)
  - GTMSessionFetcher/Full (1.1.13):
    - GTMSessionFetcher/Core (= 1.1.13)
  - youtube-ios-player-helper (0.1.6)

DEPENDENCIES:
  - Analytics (from `https://github.com/primedata-ai/analytics-ios.git`)
  - GoogleSignIn
  - youtube-ios-player-helper (~> 0.1.4)

SPEC REPOS:
  trunk:
    - GoogleSignIn
    - GoogleToolboxForMac
    - GTMOAuth2
    - GTMSessionFetcher
    - youtube-ios-player-helper

EXTERNAL SOURCES:
  Analytics:
    :git: https://github.com/primedata-ai/analytics-ios.git

CHECKOUT OPTIONS:
  Analytics:
    :commit: 32108608b2179a25a8e2357ecaaaeee2a347ff92
    :git: https://github.com/primedata-ai/analytics-ios.git

SPEC CHECKSUMS:
  Analytics: 41058fb5e1628b2973a340d1bb75b944203e2f50
  GoogleSignIn: d9ef55b10f0aa401a5de2747f59b725e4b9732ac
  GoogleToolboxForMac: 2501e2ad72a52eb3dfe7bd9aee7dad11b858bd20
  GTMOAuth2: e8b6512c896235149df975c41d9a36c868ab7fba
  GTMSessionFetcher: 5bb1eae636127de695590f50e7d248483eb891e6
  youtube-ios-player-helper: 21ab92db027c7ff86cb17a3843a3f6eafc8158d2

PODFILE CHECKSUM: 60ee84c8c59bb2c8ba270a35de472541b5e1c726

COCOAPODS: 1.9.3
